
Microsoft Visual Studio Solution File, Format Version 12.00
# Visual Studio 2013
VisualStudioVersion = 12.0.40629.0
MinimumVisualStudioVersion = 10.0.40219.1
Project("{FAE04EC0-301F-11D3-BF4B-00C04F79EFBC}") = "3", "ConsoleApplication3\3.csproj", "{BA8BD121-DCE2-4A8A-8E84-51AB816F189E}"
EndProject
Project("{FAE04EC0-301F-11D3-BF4B-00C04F79EFBC}") = "2", "t 2\2.csproj", "{98577E57-46F5-40FB-9901-11A213C175D4}"
EndProject
Project("{FAE04EC0-301F-11D3-BF4B-00C04F79EFBC}") = "1", "1\1.csproj", "{91CED4C1-1A69-4DB1-95CD-4CD1CB0FBDE1}"
EndProject
Project("{FAE04EC0-301F-11D3-BF4B-00C04F79EFBC}") = "4", "4\4.csproj", "{E15EBEEF-24E9-4793-BCDE-288BC9C83C52}"
EndProject
Project("{FAE04EC0-301F-11D3-BF4B-00C04F79EFBC}") = "5", "5\5.csproj", "{0B97CFE1-D0D2-4CA7-B092-5DCACAE6F984}"
EndProject
Project("{FAE04EC0-301F-11D3-BF4B-00C04F79EFBC}") = "6", "6\6.csproj", "{C56F550E-DF81-4BF7-8D3A-616BA2FD6C83}"
EndProject
Project("{FAE04EC0-301F-11D3-BF4B-00C04F79EFBC}") = "7", "7\7.csproj", "{62F8386E-29EE-4F6D-8111-D68E133207B5}"
EndProject
Project("{FAE04EC0-301F-11D3-BF4B-00C04F79EFBC}") = "9", "8\9.csproj", "{0075A95E-CE6D-4AF3-A876-76F952FF21A4}"
EndProject
Project("{FAE04EC0-301F-11D3-BF4B-00C04F79EFBC}") = "10", "10\10.csproj", "{4BBCC0E5-EEA5-4383-A528-2266BB5E77C7}"
EndProject
Project("{FAE04EC0-301F-11D3-BF4B-00C04F79EFBC}") = "11", "11\11.csproj", "{57C114BC-A014-49AA-971A-A7F5AA96FEFC}"
EndProject
Project("{FAE04EC0-301F-11D3-BF4B-00C04F79EFBC}") = "12", "12\12.csproj", "{ACC1D5D9-CEDD-4396-8FE6-4E0D03B64764}"
EndProject
Project("{FAE04EC0-301F-11D3-BF4B-00C04F79EFBC}") = "13", "13\13.csproj", "{14DD1361-DC13-447A-AC8C-F36C092DB780}"
EndProject
Project("{FAE04EC0-301F-11D3-BF4B-00C04F79EFBC}") = "16", "16\16.csproj", "{285C7F34-4B54-4EF6-9F7F-753183552797}"
EndProject
Global
	GlobalSection(SolutionConfigurationPlatforms) = preSolution
		Debug|Any CPU = Debug|Any CPU
		Release|Any CPU = Release|Any CPU
	EndGlobalSection
	GlobalSection(ProjectConfigurationPlatforms) = postSolution
		{BA8BD121-DCE2-4A8A-8E84-51AB816F189E}.Debug|Any CPU.ActiveCfg = Debug|Any CPU
		{BA8BD121-DCE2-4A8A-8E84-51AB816F189E}.Debug|Any CPU.Build.0 = Debug|Any CPU
		{BA8BD121-DCE2-4A8A-8E84-51AB816F189E}.Release|Any CPU.ActiveCfg = Release|Any CPU
		{BA8BD121-DCE2-4A8A-8E84-51AB816F189E}.Release|Any CPU.Build.0 = Release|Any CPU
		{98577E57-46F5-40FB-9901-11A213C175D4}.Debug|Any CPU.ActiveCfg = Debug|Any CPU
		{98577E57-46F5-40FB-9901-11A213C175D4}.Debug|Any CPU.Build.0 = Debug|Any CPU
		{98577E57-46F5-40FB-9901-11A213C175D4}.Release|Any CPU.ActiveCfg = Release|Any CPU
		{98577E57-46F5-40FB-9901-11A213C175D4}.Release|Any CPU.Build.0 = Release|Any CPU
		{91CED4C1-1A69-4DB1-95CD-4CD1CB0FBDE1}.Debug|Any CPU.ActiveCfg = Debug|Any CPU
		{91CED4C1-1A69-4DB1-95CD-4CD1CB0FBDE1}.Debug|Any CPU.Build.0 = Debug|Any CPU
		{91CED4C1-1A69-4DB1-95CD-4CD1CB0FBDE1}.Release|Any CPU.ActiveCfg = Release|Any CPU
		{91CED4C1-1A69-4DB1-95CD-4CD1CB0FBDE1}.Release|Any CPU.Build.0 = Release|Any CPU
		{E15EBEEF-24E9-4793-BCDE-288BC9C83C52}.Debug|Any CPU.ActiveCfg = Debug|Any CPU
		{E15EBEEF-24E9-4793-BCDE-288BC9C83C52}.Debug|Any CPU.Build.0 = Debug|Any CPU
		{E15EBEEF-24E9-4793-BCDE-288BC9C83C52}.Release|Any CPU.ActiveCfg = Release|Any CPU
		{E15EBEEF-24E9-4793-BCDE-288BC9C83C52}.Release|Any CPU.Build.0 = Release|Any CPU
		{0B97CFE1-D0D2-4CA7-B092-5DCACAE6F984}.Debug|Any CPU.ActiveCfg = Debug|Any CPU
		{0B97CFE1-D0D2-4CA7-B092-5DCACAE6F984}.Debug|Any CPU.Build.0 = Debug|Any CPU
		{0B97CFE1-D0D2-4CA7-B092-5DCACAE6F984}.Release|Any CPU.ActiveCfg = Release|Any CPU
		{0B97CFE1-D0D2-4CA7-B092-5DCACAE6F984}.Release|Any CPU.Build.0 = Release|Any CPU
		{C56F550E-DF81-4BF7-8D3A-616BA2FD6C83}.Debug|Any CPU.ActiveCfg = Debug|Any CPU
		{C56F550E-DF81-4BF7-8D3A-616BA2FD6C83}.Debug|Any CPU.Build.0 = Debug|Any CPU
		{C56F550E-DF81-4BF7-8D3A-616BA2FD6C83}.Release|Any CPU.ActiveCfg = Release|Any CPU
		{C56F550E-DF81-4BF7-8D3A-616BA2FD6C83}.Release|Any CPU.Build.0 = Release|Any CPU
		{62F8386E-29EE-4F6D-8111-D68E133207B5}.Debug|Any CPU.ActiveCfg = Debug|Any CPU
		{62F8386E-29EE-4F6D-8111-D68E133207B5}.Debug|Any CPU.Build.0 = Debug|Any CPU
		{62F8386E-29EE-4F6D-8111-D68E133207B5}.Release|Any CPU.ActiveCfg = Release|Any CPU
		{62F8386E-29EE-4F6D-8111-D68E133207B5}.Release|Any CPU.Build.0 = Release|Any CPU
		{0075A95E-CE6D-4AF3-A876-76F952FF21A4}.Debug|Any CPU.ActiveCfg = Debug|Any CPU
		{0075A95E-CE6D-4AF3-A876-76F952FF21A4}.Debug|Any CPU.Build.0 = Debug|Any CPU
		{0075A95E-CE6D-4AF3-A876-76F952FF21A4}.Release|Any CPU.ActiveCfg = Release|Any CPU
		{0075A95E-CE6D-4AF3-A876-76F952FF21A4}.Release|Any CPU.Build.0 = Release|Any CPU
		{4BBCC0E5-EEA5-4383-A528-2266BB5E77C7}.Debug|Any CPU.ActiveCfg = Debug|Any CPU
		{4BBCC0E5-EEA5-4383-A528-2266BB5E77C7}.Debug|Any CPU.Build.0 = Debug|Any CPU
		{4BBCC0E5-EEA5-4383-A528-2266BB5E77C7}.Release|Any CPU.ActiveCfg = Release|Any CPU
		{4BBCC0E5-EEA5-4383-A528-2266BB5E77C7}.Release|Any CPU.Build.0 = Release|Any CPU
		{57C114BC-A014-49AA-971A-A7F5AA96FEFC}.Debug|Any CPU.ActiveCfg = Debug|Any CPU
		{57C114BC-A014-49AA-971A-A7F5AA96FEFC}.Debug|Any CPU.Build.0 = Debug|Any CPU
		{57C114BC-A014-49AA-971A-A7F5AA96FEFC}.Release|Any CPU.ActiveCfg = Release|Any CPU
		{57C114BC-A014-49AA-971A-A7F5AA96FEFC}.Release|Any CPU.Build.0 = Release|Any CPU
		{ACC1D5D9-CEDD-4396-8FE6-4E0D03B64764}.Debug|Any CPU.ActiveCfg = Debug|Any CPU
		{ACC1D5D9-CEDD-4396-8FE6-4E0D03B64764}.Debug|Any CPU.Build.0 = Debug|Any CPU
		{ACC1D5D9-CEDD-4396-8FE6-4E0D03B64764}.Release|Any CPU.ActiveCfg = Release|Any CPU
		{ACC1D5D9-CEDD-4396-8FE6-4E0D03B64764}.Release|Any CPU.Build.0 = Release|Any CPU
		{14DD1361-DC13-447A-AC8C-F36C092DB780}.Debug|Any CPU.ActiveCfg = Debug|Any CPU
		{14DD1361-DC13-447A-AC8C-F36C092DB780}.Debug|Any CPU.Build.0 = Debug|Any CPU
		{14DD1361-DC13-447A-AC8C-F36C092DB780}.Release|Any CPU.ActiveCfg = Release|Any CPU
		{14DD1361-DC13-447A-AC8C-F36C092DB780}.Release|Any CPU.Build.0 = Release|Any CPU
		{285C7F34-4B54-4EF6-9F7F-753183552797}.Debug|Any CPU.ActiveCfg = Debug|Any CPU
		{285C7F34-4B54-4EF6-9F7F-753183552797}.Debug|Any CPU.Build.0 = Debug|Any CPU
		{285C7F34-4B54-4EF6-9F7F-753183552797}.Release|Any CPU.ActiveCfg = Release|Any CPU
		{285C7F34-4B54-4EF6-9F7F-753183552797}.Release|Any CPU.Build.0 = Release|Any CPU
	EndGlobalSection
	GlobalSection(SolutionProperties) = preSolution
		HideSolutionNode = FALSE
	EndGlobalSection
EndGlobal
