
Microsoft Visual Studio Solution File, Format Version 12.00
# Visual Studio 2013
VisualStudioVersion = 12.0.40629.0
MinimumVisualStudioVersion = 10.0.40219.1
Project("{FAE04EC0-301F-11D3-BF4B-00C04F79EFBC}") = "2", "2\2.csproj", "{DB905C8E-2890-4047-8DE8-E6625642B06C}"
EndProject
Project("{FAE04EC0-301F-11D3-BF4B-00C04F79EFBC}") = "1", "1\1.csproj", "{7764A5FB-8597-434D-8061-4C6B2056127C}"
EndProject
Project("{FAE04EC0-301F-11D3-BF4B-00C04F79EFBC}") = "3", "3\3.csproj", "{8300A122-2248-4A93-8261-69DF821E9D55}"
EndProject
Global
	GlobalSection(SolutionConfigurationPlatforms) = preSolution
		Debug|Any CPU = Debug|Any CPU
		Release|Any CPU = Release|Any CPU
	EndGlobalSection
	GlobalSection(ProjectConfigurationPlatforms) = postSolution
		{DB905C8E-2890-4047-8DE8-E6625642B06C}.Debug|Any CPU.ActiveCfg = Debug|Any CPU
		{DB905C8E-2890-4047-8DE8-E6625642B06C}.Debug|Any CPU.Build.0 = Debug|Any CPU
		{DB905C8E-2890-4047-8DE8-E6625642B06C}.Release|Any CPU.ActiveCfg = Release|Any CPU
		{DB905C8E-2890-4047-8DE8-E6625642B06C}.Release|Any CPU.Build.0 = Release|Any CPU
		{7764A5FB-8597-434D-8061-4C6B2056127C}.Debug|Any CPU.ActiveCfg = Debug|Any CPU
		{7764A5FB-8597-434D-8061-4C6B2056127C}.Debug|Any CPU.Build.0 = Debug|Any CPU
		{7764A5FB-8597-434D-8061-4C6B2056127C}.Release|Any CPU.ActiveCfg = Release|Any CPU
		{7764A5FB-8597-434D-8061-4C6B2056127C}.Release|Any CPU.Build.0 = Release|Any CPU
		{8300A122-2248-4A93-8261-69DF821E9D55}.Debug|Any CPU.ActiveCfg = Debug|Any CPU
		{8300A122-2248-4A93-8261-69DF821E9D55}.Debug|Any CPU.Build.0 = Debug|Any CPU
		{8300A122-2248-4A93-8261-69DF821E9D55}.Release|Any CPU.ActiveCfg = Release|Any CPU
		{8300A122-2248-4A93-8261-69DF821E9D55}.Release|Any CPU.Build.0 = Release|Any CPU
	EndGlobalSection
	GlobalSection(SolutionProperties) = preSolution
		HideSolutionNode = FALSE
	EndGlobalSection
EndGlobal
